
Microsoft Visual Studio Solution File, Format Version 12.00
Project("{FAE04EC0-301F-11D3-BF4B-00C04F79EFBC}") = "Tugas 4", "Tugas 4.csproj", "{8B625985-D178-4F4D-85D5-831438ABE62C}"
EndProject
Global
	GlobalSection(SolutionConfigurationPlatforms) = preSolution
		Debug|Any CPU = Debug|Any CPU
		Release|Any CPU = Release|Any CPU
	EndGlobalSection
	GlobalSection(ProjectConfigurationPlatforms) = postSolution
		{8B625985-D178-4F4D-85D5-831438ABE62C}.Debug|Any CPU.ActiveCfg = Debug|Any CPU
		{8B625985-D178-4F4D-85D5-831438ABE62C}.Debug|Any CPU.Build.0 = Debug|Any CPU
		{8B625985-D178-4F4D-85D5-831438ABE62C}.Release|Any CPU.ActiveCfg = Release|Any CPU
		{8B625985-D178-4F4D-85D5-831438ABE62C}.Release|Any CPU.Build.0 = Release|Any CPU
	EndGlobalSection
EndGlobal
